
Microsoft Visual Studio Solution File, Format Version 12.00
# Visual Studio Version 17
VisualStudioVersion = 17.0.31903.59
MinimumVisualStudioVersion = 10.0.40219.1
Project("{FAE04EC0-301F-11D3-BF4B-00C04F79EFBC}") = "LazyAddin", "Lazy\LazyAddin.csproj", "{44CA5800-D5AE-4276-B0A6-EC4F43F3F3F3}"
EndProject
Global
	GlobalSection(SolutionConfigurationPlatforms) = preSolution
		Debug|Any CPU = Debug|Any CPU
		Release|Any CPU = Release|Any CPU
	EndGlobalSection
	GlobalSection(ProjectConfigurationPlatforms) = postSolution
		{44CA5800-D5AE-4276-B0A6-EC4F43F3F3F3}.Debug|Any CPU.ActiveCfg = Debug|Any CPU
		{44CA5800-D5AE-4276-B0A6-EC4F43F3F3F3}.Debug|Any CPU.Build.0 = Debug|Any CPU
		{44CA5800-D5AE-4276-B0A6-EC4F43F3F3F3}.Release|Any CPU.ActiveCfg = Release|Any CPU
		{44CA5800-D5AE-4276-B0A6-EC4F43F3F3F3}.Release|Any CPU.Build.0 = Release|Any CPU
	EndGlobalSection
	GlobalSection(SolutionProperties) = preSolution
		HideSolutionNode = FALSE
	EndGlobalSection
	GlobalSection(ExtensibilityGlobals) = postSolution
		SolutionGuid = {7B1B9BEB-F5A3-46B1-8598-DD563F4ECFC2}
	EndGlobalSection
EndGlobal
